// !$*UTF8*$!
{
	archiveVersion = 1;
	classes = {
	};
	objectVersion = 56;
	objects = {

/* Begin PBXBuildFile section */
		704587FA2AA9C2D400169A3C /* xcodeCloudApp.swift in Sources */ = {isa = PBXBuildFile; fileRef = 704587F92AA9C2D400169A3C /* xcodeCloudApp.swift */; };
		704587FC2AA9C2D400169A3C /* ContentView.swift in Sources */ = {isa = PBXBuildFile; fileRef = 704587FB2AA9C2D400169A3C /* ContentView.swift */; };
		704587FE2AA9C2D600169A3C /* Assets.xcassets in Resources */ = {isa = PBXBuildFile; fileRef = 704587FD2AA9C2D600169A3C /* Assets.xcassets */; };
		704588012AA9C2D600169A3C /* Preview Assets.xcassets in Resources */ = {isa = PBXBuildFile; fileRef = 704588002AA9C2D600169A3C /* Preview Assets.xcassets */; };
		7045880B2AA9C2D600169A3C /* xcodeCloudTests.swift in Sources */ = {isa = PBXBuildFile; fileRef = 7045880A2AA9C2D600169A3C /* xcodeCloudTests.swift */; };
		704588152AA9C2D600169A3C /* xcodeCloudUITests.swift in Sources */ = {isa = PBXBuildFile; fileRef = 704588142AA9C2D600169A3C /* xcodeCloudUITests.swift */; };
		704588172AA9C2D600169A3C /* xcodeCloudUITestsLaunchTests.swift in Sources */ = {isa = PBXBuildFile; fileRef = 704588162AA9C2D600169A3C /* xcodeCloudUITestsLaunchTests.swift */; };
/* End PBXBuildFile section */

/* Begin PBXContainerItemProxy section */
		704588072AA9C2D600169A3C /* PBXContainerItemProxy */ = {
			isa = PBXContainerItemProxy;
			containerPortal = 704587EE2AA9C2D400169A3C /* Project object */;
			proxyType = 1;
			remoteGlobalIDString = 704587F52AA9C2D400169A3C;
			remoteInfo = xcodeCloud;
		};
		704588112AA9C2D600169A3C /* PBXContainerItemProxy */ = {
			isa = PBXContainerItemProxy;
			containerPortal = 704587EE2AA9C2D400169A3C /* Project object */;
			proxyType = 1;
			remoteGlobalIDString = 704587F52AA9C2D400169A3C;
			remoteInfo = xcodeCloud;
		};
/* End PBXContainerItemProxy section */

/* Begin PBXFileReference section */
		704587F62AA9C2D400169A3C /* NCAXcodeCloudDemo.app */ = {isa = PBXFileReference; explicitFileType = wrapper.application; includeInIndex = 0; path = NCAXcodeCloudDemo.app; sourceTree = BUILT_PRODUCTS_DIR; };
		704587F92AA9C2D400169A3C /* xcodeCloudApp.swift */ = {isa = PBXFileReference; lastKnownFileType = sourcecode.swift; path = xcodeCloudApp.swift; sourceTree = "<group>"; };
		704587FB2AA9C2D400169A3C /* ContentView.swift */ = {isa = PBXFileReference; lastKnownFileType = sourcecode.swift; path = ContentView.swift; sourceTree = "<group>"; };
		704587FD2AA9C2D600169A3C /* Assets.xcassets */ = {isa = PBXFileReference; lastKnownFileType = folder.assetcatalog; path = Assets.xcassets; sourceTree = "<group>"; };
		704588002AA9C2D600169A3C /* Preview Assets.xcassets */ = {isa = PBXFileReference; lastKnownFileType = folder.assetcatalog; path = "Preview Assets.xcassets"; sourceTree = "<group>"; };
		704588062AA9C2D600169A3C /* NCAXcodeCloudDemoTests.xctest */ = {isa = PBXFileReference; explicitFileType = wrapper.cfbundle; includeInIndex = 0; path = NCAXcodeCloudDemoTests.xctest; sourceTree = BUILT_PRODUCTS_DIR; };
		7045880A2AA9C2D600169A3C /* xcodeCloudTests.swift */ = {isa = PBXFileReference; lastKnownFileType = sourcecode.swift; path = xcodeCloudTests.swift; sourceTree = "<group>"; };
		704588102AA9C2D600169A3C /* NCAXcodeCloudDemoUITests.xctest */ = {isa = PBXFileReference; explicitFileType = wrapper.cfbundle; includeInIndex = 0; path = NCAXcodeCloudDemoUITests.xctest; sourceTree = BUILT_PRODUCTS_DIR; };
		704588142AA9C2D600169A3C /* xcodeCloudUITests.swift */ = {isa = PBXFileReference; lastKnownFileType = sourcecode.swift; path = xcodeCloudUITests.swift; sourceTree = "<group>"; };
		704588162AA9C2D600169A3C /* xcodeCloudUITestsLaunchTests.swift */ = {isa = PBXFileReference; lastKnownFileType = sourcecode.swift; path = xcodeCloudUITestsLaunchTests.swift; sourceTree = "<group>"; };
/* End PBXFileReference section */

/* Begin PBXFrameworksBuildPhase section */
		704587F32AA9C2D400169A3C /* Frameworks */ = {
			isa = PBXFrameworksBuildPhase;
			buildActionMask = 2147483647;
			files = (
			);
			runOnlyForDeploymentPostprocessing = 0;
		};
		704588032AA9C2D600169A3C /* Frameworks */ = {
			isa = PBXFrameworksBuildPhase;
			buildActionMask = 2147483647;
			files = (
			);
			runOnlyForDeploymentPostprocessing = 0;
		};
		7045880D2AA9C2D600169A3C /* Frameworks */ = {
			isa = PBXFrameworksBuildPhase;
			buildActionMask = 2147483647;
			files = (
			);
			runOnlyForDeploymentPostprocessing = 0;
		};
/* End PBXFrameworksBuildPhase section */

/* Begin PBXGroup section */
		704587ED2AA9C2D400169A3C = {
			isa = PBXGroup;
			children = (
				704587F82AA9C2D400169A3C /* xcodeCloud */,
				704588092AA9C2D600169A3C /* xcodeCloudTests */,
				704588132AA9C2D600169A3C /* xcodeCloudUITests */,
				704587F72AA9C2D400169A3C /* Products */,
			);
			sourceTree = "<group>";
		};
		704587F72AA9C2D400169A3C /* Products */ = {
			isa = PBXGroup;
			children = (
				704587F62AA9C2D400169A3C /* NCAXcodeCloudDemo.app */,
				704588062AA9C2D600169A3C /* NCAXcodeCloudDemoTests.xctest */,
				704588102AA9C2D600169A3C /* NCAXcodeCloudDemoUITests.xctest */,
			);
			name = Products;
			sourceTree = "<group>";
		};
		704587F82AA9C2D400169A3C /* xcodeCloud */ = {
			isa = PBXGroup;
			children = (
				704587F92AA9C2D400169A3C /* xcodeCloudApp.swift */,
				704587FB2AA9C2D400169A3C /* ContentView.swift */,
				704587FD2AA9C2D600169A3C /* Assets.xcassets */,
				704587FF2AA9C2D600169A3C /* Preview Content */,
			);
			path = xcodeCloud;
			sourceTree = "<group>";
		};
		704587FF2AA9C2D600169A3C /* Preview Content */ = {
			isa = PBXGroup;
			children = (
				704588002AA9C2D600169A3C /* Preview Assets.xcassets */,
			);
			path = "Preview Content";
			sourceTree = "<group>";
		};
		704588092AA9C2D600169A3C /* xcodeCloudTests */ = {
			isa = PBXGroup;
			children = (
				7045880A2AA9C2D600169A3C /* xcodeCloudTests.swift */,
			);
			path = xcodeCloudTests;
			sourceTree = "<group>";
		};
		704588132AA9C2D600169A3C /* xcodeCloudUITests */ = {
			isa = PBXGroup;
			children = (
				704588142AA9C2D600169A3C /* xcodeCloudUITests.swift */,
				704588162AA9C2D600169A3C /* xcodeCloudUITestsLaunchTests.swift */,
			);
			path = xcodeCloudUITests;
			sourceTree = "<group>";
		};
/* End PBXGroup section */

/* Begin PBXNativeTarget section */
		704587F52AA9C2D400169A3C /* NCAXcodeCloudDemo */ = {
			isa = PBXNativeTarget;
			buildConfigurationList = 7045881A2AA9C2D600169A3C /* Build configuration list for PBXNativeTarget "NCAXcodeCloudDemo" */;
			buildPhases = (
				704587F22AA9C2D400169A3C /* Sources */,
				704587F32AA9C2D400169A3C /* Frameworks */,
				704587F42AA9C2D400169A3C /* Resources */,
			);
			buildRules = (
			);
			dependencies = (
			);
			name = NCAXcodeCloudDemo;
			productName = xcodeCloud;
			productReference = 704587F62AA9C2D400169A3C /* NCAXcodeCloudDemo.app */;
			productType = "com.apple.product-type.application";
		};
		704588052AA9C2D600169A3C /* NCAXcodeCloudDemoTests */ = {
			isa = PBXNativeTarget;
			buildConfigurationList = 7045881D2AA9C2D600169A3C /* Build configuration list for PBXNativeTarget "NCAXcodeCloudDemoTests" */;
			buildPhases = (
				704588022AA9C2D600169A3C /* Sources */,
				704588032AA9C2D600169A3C /* Frameworks */,
				704588042AA9C2D600169A3C /* Resources */,
			);
			buildRules = (
			);
			dependencies = (
				704588082AA9C2D600169A3C /* PBXTargetDependency */,
			);
			name = NCAXcodeCloudDemoTests;
			productName = xcodeCloudTests;
			productReference = 704588062AA9C2D600169A3C /* NCAXcodeCloudDemoTests.xctest */;
			productType = "com.apple.product-type.bundle.unit-test";
		};
		7045880F2AA9C2D600169A3C /* NCAXcodeCloudDemoUITests */ = {
			isa = PBXNativeTarget;
			buildConfigurationList = 704588202AA9C2D600169A3C /* Build configuration list for PBXNativeTarget "NCAXcodeCloudDemoUITests" */;
			buildPhases = (
				7045880C2AA9C2D600169A3C /* Sources */,
				7045880D2AA9C2D600169A3C /* Frameworks */,
				7045880E2AA9C2D600169A3C /* Resources */,
			);
			buildRules = (
			);
			dependencies = (
				704588122AA9C2D600169A3C /* PBXTargetDependency */,
			);
			name = NCAXcodeCloudDemoUITests;
			productName = xcodeCloudUITests;
			productReference = 704588102AA9C2D600169A3C /* NCAXcodeCloudDemoUITests.xctest */;
			productType = "com.apple.product-type.bundle.ui-testing";
		};
/* End PBXNativeTarget section */

/* Begin PBXProject section */
		704587EE2AA9C2D400169A3C /* Project object */ = {
			isa = PBXProject;
			attributes = {
				BuildIndependentTargetsInParallel = 1;
				LastSwiftUpdateCheck = 1430;
				LastUpgradeCheck = 1430;
				TargetAttributes = {
					704587F52AA9C2D400169A3C = {
						CreatedOnToolsVersion = 14.3.1;
					};
					704588052AA9C2D600169A3C = {
						CreatedOnToolsVersion = 14.3.1;
						TestTargetID = 704587F52AA9C2D400169A3C;
					};
					7045880F2AA9C2D600169A3C = {
						CreatedOnToolsVersion = 14.3.1;
						TestTargetID = 704587F52AA9C2D400169A3C;
					};
				};
			};
			buildConfigurationList = 704587F12AA9C2D400169A3C /* Build configuration list for PBXProject "NCAXcodeCloudDemo" */;
			compatibilityVersion = "Xcode 14.0";
			developmentRegion = en;
			hasScannedForEncodings = 0;
			knownRegions = (
				en,
				Base,
			);
			mainGroup = 704587ED2AA9C2D400169A3C;
			productRefGroup = 704587F72AA9C2D400169A3C /* Products */;
			projectDirPath = "";
			projectRoot = "";
			targets = (
				704587F52AA9C2D400169A3C /* NCAXcodeCloudDemo */,
				704588052AA9C2D600169A3C /* NCAXcodeCloudDemoTests */,
				7045880F2AA9C2D600169A3C /* NCAXcodeCloudDemoUITests */,
			);
		};
/* End PBXProject section */

/* Begin PBXResourcesBuildPhase section */
		704587F42AA9C2D400169A3C /* Resources */ = {
			isa = PBXResourcesBuildPhase;
			buildActionMask = 2147483647;
			files = (
				704588012AA9C2D600169A3C /* Preview Assets.xcassets in Resources */,
				704587FE2AA9C2D600169A3C /* Assets.xcassets in Resources */,
			);
			runOnlyForDeploymentPostprocessing = 0;
		};
		704588042AA9C2D600169A3C /* Resources */ = {
			isa = PBXResourcesBuildPhase;
			buildActionMask = 2147483647;
			files = (
			);
			runOnlyForDeploymentPostprocessing = 0;
		};
		7045880E2AA9C2D600169A3C /* Resources */ = {
			isa = PBXResourcesBuildPhase;
			buildActionMask = 2147483647;
			files = (
			);
			runOnlyForDeploymentPostprocessing = 0;
		};
/* End PBXResourcesBuildPhase section */

/* Begin PBXSourcesBuildPhase section */
		704587F22AA9C2D400169A3C /* Sources */ = {
			isa = PBXSourcesBuildPhase;
			buildActionMask = 2147483647;
			files = (
				704587FC2AA9C2D400169A3C /* ContentView.swift in Sources */,
				704587FA2AA9C2D400169A3C /* xcodeCloudApp.swift in Sources */,
			);
			runOnlyForDeploymentPostprocessing = 0;
		};
		704588022AA9C2D600169A3C /* Sources */ = {
			isa = PBXSourcesBuildPhase;
			buildActionMask = 2147483647;
			files = (
				7045880B2AA9C2D600169A3C /* xcodeCloudTests.swift in Sources */,
			);
			runOnlyForDeploymentPostprocessing = 0;
		};
		7045880C2AA9C2D600169A3C /* Sources */ = {
			isa = PBXSourcesBuildPhase;
			buildActionMask = 2147483647;
			files = (
				704588172AA9C2D600169A3C /* xcodeCloudUITestsLaunchTests.swift in Sources */,
				704588152AA9C2D600169A3C /* xcodeCloudUITests.swift in Sources */,
			);
			runOnlyForDeploymentPostprocessing = 0;
		};
/* End PBXSourcesBuildPhase section */

/* Begin PBXTargetDependency section */
		704588082AA9C2D600169A3C /* PBXTargetDependency */ = {
			isa = PBXTargetDependency;
			target = 704587F52AA9C2D400169A3C /* NCAXcodeCloudDemo */;
			targetProxy = 704588072AA9C2D600169A3C /* PBXContainerItemProxy */;
		};
		704588122AA9C2D600169A3C /* PBXTargetDependency */ = {
			isa = PBXTargetDependency;
			target = 704587F52AA9C2D400169A3C /* NCAXcodeCloudDemo */;
			targetProxy = 704588112AA9C2D600169A3C /* PBXContainerItemProxy */;
		};
/* End PBXTargetDependency section */

/* Begin XCBuildConfiguration section */
		704588182AA9C2D600169A3C /* Debug */ = {
			isa = XCBuildConfiguration;
			buildSettings = {
				ALWAYS_SEARCH_USER_PATHS = NO;
				CLANG_ANALYZER_NONNULL = YES;
				CLANG_ANALYZER_NUMBER_OBJECT_CONVERSION = YES_AGGRESSIVE;
				CLANG_CXX_LANGUAGE_STANDARD = "gnu++20";
				CLANG_ENABLE_MODULES = YES;
				CLANG_ENABLE_OBJC_ARC = YES;
				CLANG_ENABLE_OBJC_WEAK = YES;
				CLANG_WARN_BLOCK_CAPTURE_AUTORELEASING = YES;
				CLANG_WARN_BOOL_CONVERSION = YES;
				CLANG_WARN_COMMA = YES;
				CLANG_WARN_CONSTANT_CONVERSION = YES;
				CLANG_WARN_DEPRECATED_OBJC_IMPLEMENTATIONS = YES;
				CLANG_WARN_DIRECT_OBJC_ISA_USAGE = YES_ERROR;
				CLANG_WARN_DOCUMENTATION_COMMENTS = YES;
				CLANG_WARN_EMPTY_BODY = YES;
				CLANG_WARN_ENUM_CONVERSION = YES;
				CLANG_WARN_INFINITE_RECURSION = YES;
				CLANG_WARN_INT_CONVERSION = YES;
				CLANG_WARN_NON_LITERAL_NULL_CONVERSION = YES;
				CLANG_WARN_OBJC_IMPLICIT_RETAIN_SELF = YES;
				CLANG_WARN_OBJC_LITERAL_CONVERSION = YES;
				CLANG_WARN_OBJC_ROOT_CLASS = YES_ERROR;
				CLANG_WARN_QUOTED_INCLUDE_IN_FRAMEWORK_HEADER = YES;
				CLANG_WARN_RANGE_LOOP_ANALYSIS = YES;
				CLANG_WARN_STRICT_PROTOTYPES = YES;
				CLANG_WARN_SUSPICIOUS_MOVE = YES;
				CLANG_WARN_UNGUARDED_AVAILABILITY = YES_AGGRESSIVE;
				CLANG_WARN_UNREACHABLE_CODE = YES;
				CLANG_WARN__DUPLICATE_METHOD_MATCH = YES;
				COPY_PHASE_STRIP = NO;
				DEBUG_INFORMATION_FORMAT = dwarf;
				ENABLE_STRICT_OBJC_MSGSEND = YES;
				ENABLE_TESTABILITY = YES;
				GCC_C_LANGUAGE_STANDARD = gnu11;
				GCC_DYNAMIC_NO_PIC = NO;
				GCC_NO_COMMON_BLOCKS = YES;
				GCC_OPTIMIZATION_LEVEL = 0;
				GCC_PREPROCESSOR_DEFINITIONS = (
					"DEBUG=1",
					"$(inherited)",
				);
				GCC_WARN_64_TO_32_BIT_CONVERSION = YES;
				GCC_WARN_ABOUT_RETURN_TYPE = YES_ERROR;
				GCC_WARN_UNDECLARED_SELECTOR = YES;
				GCC_WARN_UNINITIALIZED_AUTOS = YES_AGGRESSIVE;
				GCC_WARN_UNUSED_FUNCTION = YES;
				GCC_WARN_UNUSED_VARIABLE = YES;
				IPHONEOS_DEPLOYMENT_TARGET = 16.4;
				MTL_ENABLE_DEBUG_INFO = INCLUDE_SOURCE;
				MTL_FAST_MATH = YES;
				ONLY_ACTIVE_ARCH = YES;
				SDKROOT = iphoneos;
				SWIFT_ACTIVE_COMPILATION_CONDITIONS = DEBUG;
				SWIFT_OPTIMIZATION_LEVEL = "-Onone";
			};
			name = Debug;
		};
		704588192AA9C2D600169A3C /* Release */ = {
			isa = XCBuildConfiguration;
			buildSettings = {
				ALWAYS_SEARCH_USER_PATHS = NO;
				CLANG_ANALYZER_NONNULL = YES;
				CLANG_ANALYZER_NUMBER_OBJECT_CONVERSION = YES_AGGRESSIVE;
				CLANG_CXX_LANGUAGE_STANDARD = "gnu++20";
				CLANG_ENABLE_MODULES = YES;
				CLANG_ENABLE_OBJC_ARC = YES;
				CLANG_ENABLE_OBJC_WEAK = YES;
				CLANG_WARN_BLOCK_CAPTURE_AUTORELEASING = YES;
				CLANG_WARN_BOOL_CONVERSION = YES;
				CLANG_WARN_COMMA = YES;
				CLANG_WARN_CONSTANT_CONVERSION = YES;
				CLANG_WARN_DEPRECATED_OBJC_IMPLEMENTATIONS = YES;
				CLANG_WARN_DIRECT_OBJC_ISA_USAGE = YES_ERROR;
				CLANG_WARN_DOCUMENTATION_COMMENTS = YES;
				CLANG_WARN_EMPTY_BODY = YES;
				CLANG_WARN_ENUM_CONVERSION = YES;
				CLANG_WARN_INFINITE_RECURSION = YES;
				CLANG_WARN_INT_CONVERSION = YES;
				CLANG_WARN_NON_LITERAL_NULL_CONVERSION = YES;
				CLANG_WARN_OBJC_IMPLICIT_RETAIN_SELF = YES;
				CLANG_WARN_OBJC_LITERAL_CONVERSION = YES;
				CLANG_WARN_OBJC_ROOT_CLASS = YES_ERROR;
				CLANG_WARN_QUOTED_INCLUDE_IN_FRAMEWORK_HEADER = YES;
				CLANG_WARN_RANGE_LOOP_ANALYSIS = YES;
				CLANG_WARN_STRICT_PROTOTYPES = YES;
				CLANG_WARN_SUSPICIOUS_MOVE = YES;
				CLANG_WARN_UNGUARDED_AVAILABILITY = YES_AGGRESSIVE;
				CLANG_WARN_UNREACHABLE_CODE = YES;
				CLANG_WARN__DUPLICATE_METHOD_MATCH = YES;
				COPY_PHASE_STRIP = NO;
				DEBUG_INFORMATION_FORMAT = "dwarf-with-dsym";
				ENABLE_NS_ASSERTIONS = NO;
				ENABLE_STRICT_OBJC_MSGSEND = YES;
				GCC_C_LANGUAGE_STANDARD = gnu11;
				GCC_NO_COMMON_BLOCKS = YES;
				GCC_WARN_64_TO_32_BIT_CONVERSION = YES;
				GCC_WARN_ABOUT_RETURN_TYPE = YES_ERROR;
				GCC_WARN_UNDECLARED_SELECTOR = YES;
				GCC_WARN_UNINITIALIZED_AUTOS = YES_AGGRESSIVE;
				GCC_WARN_UNUSED_FUNCTION = YES;
				GCC_WARN_UNUSED_VARIABLE = YES;
				IPHONEOS_DEPLOYMENT_TARGET = 16.4;
				MTL_ENABLE_DEBUG_INFO = NO;
				MTL_FAST_MATH = YES;
				SDKROOT = iphoneos;
				SWIFT_COMPILATION_MODE = wholemodule;
				SWIFT_OPTIMIZATION_LEVEL = "-O";
				VALIDATE_PRODUCT = YES;
			};
			name = Release;
		};
		7045881B2AA9C2D600169A3C /* Debug */ = {
			isa = XCBuildConfiguration;
			buildSettings = {
				ASSETCATALOG_COMPILER_APPICON_NAME = AppIcon;
				ASSETCATALOG_COMPILER_GLOBAL_ACCENT_COLOR_NAME = AccentColor;
				CODE_SIGN_IDENTITY = "Apple Development";
				CODE_SIGN_STYLE = Automatic;
				CURRENT_PROJECT_VERSION = 1;
				DEVELOPMENT_ASSET_PATHS = "\"xcodeCloud/Preview Content\"";
				DEVELOPMENT_TEAM = LAA69LK8PF;
				ENABLE_PREVIEWS = YES;
				GENERATE_INFOPLIST_FILE = YES;
				INFOPLIST_KEY_UIApplicationSceneManifest_Generation = YES;
				INFOPLIST_KEY_UIApplicationSupportsIndirectInputEvents = YES;
				INFOPLIST_KEY_UILaunchScreen_Generation = YES;
				INFOPLIST_KEY_UISupportedInterfaceOrientations_iPad = "UIInterfaceOrientationPortrait UIInterfaceOrientationPortraitUpsideDown UIInterfaceOrientationLandscapeLeft UIInterfaceOrientationLandscapeRight";
				INFOPLIST_KEY_UISupportedInterfaceOrientations_iPhone = "UIInterfaceOrientationPortrait UIInterfaceOrientationLandscapeLeft UIInterfaceOrientationLandscapeRight";
				LD_RUNPATH_SEARCH_PATHS = (
					"$(inherited)",
					"@executable_path/Frameworks",
				);
				MARKETING_VERSION = 1.0;
				PRODUCT_BUNDLE_IDENTIFIER = com.netcetera.xcodeclouddemo;
				PRODUCT_NAME = "$(TARGET_NAME)";
				PROVISIONING_PROFILE_SPECIFIER = "";
				SWIFT_EMIT_LOC_STRINGS = YES;
				SWIFT_VERSION = 5.0;
				TARGETED_DEVICE_FAMILY = "1,2";
			};
			name = Debug;
		};
		7045881C2AA9C2D600169A3C /* Release */ = {
			isa = XCBuildConfiguration;
			buildSettings = {
				ASSETCATALOG_COMPILER_APPICON_NAME = AppIcon;
				ASSETCATALOG_COMPILER_GLOBAL_ACCENT_COLOR_NAME = AccentColor;
				CODE_SIGN_IDENTITY = "Apple Development";
				CODE_SIGN_STYLE = Automatic;
				CURRENT_PROJECT_VERSION = 1;
				DEVELOPMENT_ASSET_PATHS = "\"xcodeCloud/Preview Content\"";
				DEVELOPMENT_TEAM = LAA69LK8PF;
				ENABLE_PREVIEWS = YES;
				GENERATE_INFOPLIST_FILE = YES;
				INFOPLIST_KEY_UIApplicationSceneManifest_Generation = YES;
				INFOPLIST_KEY_UIApplicationSupportsIndirectInputEvents = YES;
				INFOPLIST_KEY_UILaunchScreen_Generation = YES;
				INFOPLIST_KEY_UISupportedInterfaceOrientations_iPad = "UIInterfaceOrientationPortrait UIInterfaceOrientationPortraitUpsideDown UIInterfaceOrientationLandscapeLeft UIInterfaceOrientationLandscapeRight";
				INFOPLIST_KEY_UISupportedInterfaceOrientations_iPhone = "UIInterfaceOrientationPortrait UIInterfaceOrientationLandscapeLeft UIInterfaceOrientationLandscapeRight";
				LD_RUNPATH_SEARCH_PATHS = (
					"$(inherited)",
					"@executable_path/Frameworks",
				);
				MARKETING_VERSION = 1.0;
				PRODUCT_BUNDLE_IDENTIFIER = com.netcetera.xcodeclouddemo;
				PRODUCT_NAME = "$(TARGET_NAME)";
				PROVISIONING_PROFILE_SPECIFIER = "";
				SWIFT_EMIT_LOC_STRINGS = YES;
				SWIFT_VERSION = 5.0;
				TARGETED_DEVICE_FAMILY = "1,2";
			};
			name = Release;
		};
		7045881E2AA9C2D600169A3C /* Debug */ = {
			isa = XCBuildConfiguration;
			buildSettings = {
				ALWAYS_EMBED_SWIFT_STANDARD_LIBRARIES = YES;
				BUNDLE_LOADER = "$(TEST_HOST)";
				CODE_SIGN_STYLE = Manual;
				CURRENT_PROJECT_VERSION = 1;
				DEVELOPMENT_TEAM = "";
				GENERATE_INFOPLIST_FILE = YES;
				IPHONEOS_DEPLOYMENT_TARGET = 16.4;
				MARKETING_VERSION = 1.0;
				PRODUCT_BUNDLE_IDENTIFIER = com.netcetera.ncaxcodeclouddemoTests;
				PRODUCT_NAME = "$(TARGET_NAME)";
				PROVISIONING_PROFILE_SPECIFIER = "";
				SWIFT_EMIT_LOC_STRINGS = NO;
				SWIFT_VERSION = 5.0;
				TARGETED_DEVICE_FAMILY = "1,2";
				TEST_HOST = "$(BUILT_PRODUCTS_DIR)/NCAXcodeCloudDemo.app/$(BUNDLE_EXECUTABLE_FOLDER_PATH)/NCAXcodeCloudDemo";
			};
			name = Debug;
		};
		7045881F2AA9C2D600169A3C /* Release */ = {
			isa = XCBuildConfiguration;
			buildSettings = {
				ALWAYS_EMBED_SWIFT_STANDARD_LIBRARIES = YES;
				BUNDLE_LOADER = "$(TEST_HOST)";
				CODE_SIGN_STYLE = Manual;
				CURRENT_PROJECT_VERSION = 1;
				DEVELOPMENT_TEAM = "";
				GENERATE_INFOPLIST_FILE = YES;
				IPHONEOS_DEPLOYMENT_TARGET = 16.4;
				MARKETING_VERSION = 1.0;
				PRODUCT_BUNDLE_IDENTIFIER = com.netcetera.ncaxcodeclouddemoTests;
				PRODUCT_NAME = "$(TARGET_NAME)";
				PROVISIONING_PROFILE_SPECIFIER = "";
				SWIFT_EMIT_LOC_STRINGS = NO;
				SWIFT_VERSION = 5.0;
				TARGETED_DEVICE_FAMILY = "1,2";
				TEST_HOST = "$(BUILT_PRODUCTS_DIR)/NCAXcodeCloudDemo.app/$(BUNDLE_EXECUTABLE_FOLDER_PATH)/NCAXcodeCloudDemo";
			};
			name = Release;
		};
		704588212AA9C2D600169A3C /* Debug */ = {
			isa = XCBuildConfiguration;
			buildSettings = {
				ALWAYS_EMBED_SWIFT_STANDARD_LIBRARIES = YES;
				CODE_SIGN_STYLE = Manual;
				CURRENT_PROJECT_VERSION = 1;
				DEVELOPMENT_TEAM = "";
				GENERATE_INFOPLIST_FILE = YES;
				MARKETING_VERSION = 1.0;
				PRODUCT_BUNDLE_IDENTIFIER = com.netcetera.ncaxcodeclouddemoUITests;
				PRODUCT_NAME = "$(TARGET_NAME)";
				PROVISIONING_PROFILE_SPECIFIER = "";
				SWIFT_EMIT_LOC_STRINGS = NO;
				SWIFT_VERSION = 5.0;
				TARGETED_DEVICE_FAMILY = "1,2";
				TEST_TARGET_NAME = xcodeCloud;
			};
			name = Debug;
		};
		704588222AA9C2D600169A3C /* Release */ = {
			isa = XCBuildConfiguration;
			buildSettings = {
				ALWAYS_EMBED_SWIFT_STANDARD_LIBRARIES = YES;
				CODE_SIGN_STYLE = Manual;
				CURRENT_PROJECT_VERSION = 1;
				DEVELOPMENT_TEAM = "";
				GENERATE_INFOPLIST_FILE = YES;
				MARKETING_VERSION = 1.0;
				PRODUCT_BUNDLE_IDENTIFIER = com.netcetera.ncaxcodeclouddemoUITests;
				PRODUCT_NAME = "$(TARGET_NAME)";
				PROVISIONING_PROFILE_SPECIFIER = "";
				SWIFT_EMIT_LOC_STRINGS = NO;
				SWIFT_VERSION = 5.0;
				TARGETED_DEVICE_FAMILY = "1,2";
				TEST_TARGET_NAME = xcodeCloud;
			};
			name = Release;
		};
/* End XCBuildConfiguration section */

/* Begin XCConfigurationList section */
		704587F12AA9C2D400169A3C /* Build configuration list for PBXProject "NCAXcodeCloudDemo" */ = {
			isa = XCConfigurationList;
			buildConfigurations = (
				704588182AA9C2D600169A3C /* Debug */,
				704588192AA9C2D600169A3C /* Release */,
			);
			defaultConfigurationIsVisible = 0;
			defaultConfigurationName = Release;
		};
		7045881A2AA9C2D600169A3C /* Build configuration list for PBXNativeTarget "NCAXcodeCloudDemo" */ = {
			isa = XCConfigurationList;
			buildConfigurations = (
				7045881B2AA9C2D600169A3C /* Debug */,
				7045881C2AA9C2D600169A3C /* Release */,
			);
			defaultConfigurationIsVisible = 0;
			defaultConfigurationName = Release;
		};
		7045881D2AA9C2D600169A3C /* Build configuration list for PBXNativeTarget "NCAXcodeCloudDemoTests" */ = {
			isa = XCConfigurationList;
			buildConfigurations = (
				7045881E2AA9C2D600169A3C /* Debug */,
				7045881F2AA9C2D600169A3C /* Release */,
			);
			defaultConfigurationIsVisible = 0;
			defaultConfigurationName = Release;
		};
		704588202AA9C2D600169A3C /* Build configuration list for PBXNativeTarget "NCAXcodeCloudDemoUITests" */ = {
			isa = XCConfigurationList;
			buildConfigurations = (
				704588212AA9C2D600169A3C /* Debug */,
				704588222AA9C2D600169A3C /* Release */,
			);
			defaultConfigurationIsVisible = 0;
			defaultConfigurationName = Release;
		};
/* End XCConfigurationList section */
	};
	rootObject = 704587EE2AA9C2D400169A3C /* Project object */;
}
